
Microsoft Visual Studio Solution File, Format Version 12.00
# Visual Studio Version 17
VisualStudioVersion = 17.13.35825.156 d17.13
MinimumVisualStudioVersion = 10.0.40219.1
Project("{FAE04EC0-301F-11D3-BF4B-00C04F79EFBC}") = "LifeCall.Domain", "LifeCall.Domain\LifeCall.Domain.csproj", "{8B75198C-F629-4BB0-86B0-E42392B996E3}"
EndProject
Project("{FAE04EC0-301F-11D3-BF4B-00C04F79EFBC}") = "LifeCall.Infrastructure", "LifeCall.Infrastructure\LifeCall.Infrastructure.csproj", "{6B7B3726-2156-4190-A3D2-0AD56A92E456}"
EndProject
Project("{FAE04EC0-301F-11D3-BF4B-00C04F79EFBC}") = "LifeCall.Application", "LifeCall.Application\LifeCall.Application.csproj", "{0A8E1D2D-0BDD-442A-9476-066A10510DA6}"
EndProject
Project("{FAE04EC0-301F-11D3-BF4B-00C04F79EFBC}") = "LifeCall.Web", "LifeCall.Web\LifeCall.Web.csproj", "{C6B14A73-15A4-4E9D-B86B-5BCE6A281CD6}"
EndProject
Project("{FAE04EC0-301F-11D3-BF4B-00C04F79EFBC}") = "LifeCall.Api", "LifeCall.Api\LifeCall.Api.csproj", "{006D2FBB-FC9D-4342-B03D-663EC5371C48}"
EndProject
Global
	GlobalSection(SolutionConfigurationPlatforms) = preSolution
		Debug|Any CPU = Debug|Any CPU
		Release|Any CPU = Release|Any CPU
	EndGlobalSection
	GlobalSection(ProjectConfigurationPlatforms) = postSolution
		{8B75198C-F629-4BB0-86B0-E42392B996E3}.Debug|Any CPU.ActiveCfg = Debug|Any CPU
		{8B75198C-F629-4BB0-86B0-E42392B996E3}.Debug|Any CPU.Build.0 = Debug|Any CPU
		{8B75198C-F629-4BB0-86B0-E42392B996E3}.Release|Any CPU.ActiveCfg = Release|Any CPU
		{8B75198C-F629-4BB0-86B0-E42392B996E3}.Release|Any CPU.Build.0 = Release|Any CPU
		{6B7B3726-2156-4190-A3D2-0AD56A92E456}.Debug|Any CPU.ActiveCfg = Debug|Any CPU
		{6B7B3726-2156-4190-A3D2-0AD56A92E456}.Debug|Any CPU.Build.0 = Debug|Any CPU
		{6B7B3726-2156-4190-A3D2-0AD56A92E456}.Release|Any CPU.ActiveCfg = Release|Any CPU
		{6B7B3726-2156-4190-A3D2-0AD56A92E456}.Release|Any CPU.Build.0 = Release|Any CPU
		{0A8E1D2D-0BDD-442A-9476-066A10510DA6}.Debug|Any CPU.ActiveCfg = Debug|Any CPU
		{0A8E1D2D-0BDD-442A-9476-066A10510DA6}.Debug|Any CPU.Build.0 = Debug|Any CPU
		{0A8E1D2D-0BDD-442A-9476-066A10510DA6}.Release|Any CPU.ActiveCfg = Release|Any CPU
		{0A8E1D2D-0BDD-442A-9476-066A10510DA6}.Release|Any CPU.Build.0 = Release|Any CPU
		{C6B14A73-15A4-4E9D-B86B-5BCE6A281CD6}.Debug|Any CPU.ActiveCfg = Debug|Any CPU
		{C6B14A73-15A4-4E9D-B86B-5BCE6A281CD6}.Debug|Any CPU.Build.0 = Debug|Any CPU
		{C6B14A73-15A4-4E9D-B86B-5BCE6A281CD6}.Release|Any CPU.ActiveCfg = Release|Any CPU
		{C6B14A73-15A4-4E9D-B86B-5BCE6A281CD6}.Release|Any CPU.Build.0 = Release|Any CPU
		{006D2FBB-FC9D-4342-B03D-663EC5371C48}.Debug|Any CPU.ActiveCfg = Debug|Any CPU
		{006D2FBB-FC9D-4342-B03D-663EC5371C48}.Debug|Any CPU.Build.0 = Debug|Any CPU
		{006D2FBB-FC9D-4342-B03D-663EC5371C48}.Release|Any CPU.ActiveCfg = Release|Any CPU
		{006D2FBB-FC9D-4342-B03D-663EC5371C48}.Release|Any CPU.Build.0 = Release|Any CPU
	EndGlobalSection
	GlobalSection(SolutionProperties) = preSolution
		HideSolutionNode = FALSE
	EndGlobalSection
	GlobalSection(ExtensibilityGlobals) = postSolution
		SolutionGuid = {B1674E8D-34E6-4518-82C2-BD69707DD6AD}
	EndGlobalSection
EndGlobal
